// !$*UTF8*$!
{
	archiveVersion = 1;
	classes = {
	};
	objectVersion = 48;
	objects = {

/* Begin PBXBuildFile section */
		0B219282206268EC0011314B /* AppDelegate.swift in Sources */ = {isa = PBXBuildFile; fileRef = 0B219281206268EC0011314B /* AppDelegate.swift */; };
		0B219284206268EC0011314B /* MainViewController.swift in Sources */ = {isa = PBXBuildFile; fileRef = 0B219283206268EC0011314B /* MainViewController.swift */; };
		0B219286206268EC0011314B /* JodelAccount.swift in Sources */ = {isa = PBXBuildFile; fileRef = 0B219285206268EC0011314B /* JodelAccount.swift */; };
		0B219288206268EC0011314B /* Assets.xcassets in Resources */ = {isa = PBXBuildFile; fileRef = 0B219287206268EC0011314B /* Assets.xcassets */; };
		0B21928B206268EC0011314B /* Main.storyboard in Resources */ = {isa = PBXBuildFile; fileRef = 0B219289206268EC0011314B /* Main.storyboard */; };
		0B219297206268EC0011314B /* HaautiTests.swift in Sources */ = {isa = PBXBuildFile; fileRef = 0B219296206268EC0011314B /* HaautiTests.swift */; };
		0B3B4B80206CB71F00880B71 /* PageController.swift in Sources */ = {isa = PBXBuildFile; fileRef = 0B3B4B7F206CB71F00880B71 /* PageController.swift */; };
		0B8882E4209490450076FF8A /* AssociatedSettings.swift in Sources */ = {isa = PBXBuildFile; fileRef = 0B8882E3209490450076FF8A /* AssociatedSettings.swift */; };
		0B8882E62094A78B0076FF8A /* CLLocationCoordinate2D+Extensions.swift in Sources */ = {isa = PBXBuildFile; fileRef = 0B8882E52094A78B0076FF8A /* CLLocationCoordinate2D+Extensions.swift */; };
		0BB99D0E206CC1B600764907 /* FeedViewController.swift in Sources */ = {isa = PBXBuildFile; fileRef = 0BB99D0D206CC1B600764907 /* FeedViewController.swift */; };
		0BB99D31206CEEB600764907 /* JodelError.swift in Sources */ = {isa = PBXBuildFile; fileRef = 0BB99D29206CEEB600764907 /* JodelError.swift */; };
		0BB99D32206CEEB600764907 /* NSColor+Extensions.swift in Sources */ = {isa = PBXBuildFile; fileRef = 0BB99D2A206CEEB600764907 /* NSColor+Extensions.swift */; };
		0BB99D33206CEEB600764907 /* AJodel.swift in Sources */ = {isa = PBXBuildFile; fileRef = 0BB99D2B206CEEB600764907 /* AJodel.swift */; };
		0BB99D34206CEEB600764907 /* JodelTableCellView.swift in Sources */ = {isa = PBXBuildFile; fileRef = 0BB99D2C206CEEB600764907 /* JodelTableCellView.swift */; };
		0BB99D35206CEEB600764907 /* NSImage+Extensions.swift in Sources */ = {isa = PBXBuildFile; fileRef = 0BB99D2D206CEEB600764907 /* NSImage+Extensions.swift */; };
		0BB99D36206CEEB600764907 /* AuthBag.swift in Sources */ = {isa = PBXBuildFile; fileRef = 0BB99D2E206CEEB600764907 /* AuthBag.swift */; };
		0BB99D37206CEEB600764907 /* JodelAPI.swift in Sources */ = {isa = PBXBuildFile; fileRef = 0BB99D2F206CEEB600764907 /* JodelAPI.swift */; };
		0BB99D53206CEF9400764907 /* MaterialProgress.swift in Sources */ = {isa = PBXBuildFile; fileRef = 0BB99D4E206CEF9400764907 /* MaterialProgress.swift */; };
		0BB99D54206CEF9400764907 /* ProgressUtils.swift in Sources */ = {isa = PBXBuildFile; fileRef = 0BB99D4F206CEF9400764907 /* ProgressUtils.swift */; };
		0BB99D55206CEF9400764907 /* Rainbow.swift in Sources */ = {isa = PBXBuildFile; fileRef = 0BB99D50206CEF9400764907 /* Rainbow.swift */; };
		0BB99D56206CEF9400764907 /* IndeterminateAnimation.swift in Sources */ = {isa = PBXBuildFile; fileRef = 0BB99D51206CEF9400764907 /* IndeterminateAnimation.swift */; };
		0BB99D57206CEF9400764907 /* BaseView.swift in Sources */ = {isa = PBXBuildFile; fileRef = 0BB99D52206CEF9400764907 /* BaseView.swift */; };
		0BBA941D206CB589001AE458 /* SourceViewController.swift in Sources */ = {isa = PBXBuildFile; fileRef = 0BBA941C206CB589001AE458 /* SourceViewController.swift */; };
		0BBA941F206CB5C0001AE458 /* SourceView.swift in Sources */ = {isa = PBXBuildFile; fileRef = 0BBA941E206CB5C0001AE458 /* SourceView.swift */; };
		0BCC9EAD2092443B007C09F2 /* PullRefreshableScrollView.framework in Frameworks */ = {isa = PBXBuildFile; fileRef = 0BB99D5D206CEF9B00764907 /* PullRefreshableScrollView.framework */; };
		0BCC9EAE2092443B007C09F2 /* PullRefreshableScrollView.framework in Embed Frameworks */ = {isa = PBXBuildFile; fileRef = 0BB99D5D206CEF9B00764907 /* PullRefreshableScrollView.framework */; settings = {ATTRIBUTES = (CodeSignOnCopy, RemoveHeadersOnCopy, ); }; };
		0BCC9EB220924516007C09F2 /* AccountDetailsViewController.swift in Sources */ = {isa = PBXBuildFile; fileRef = 0BCC9EB120924516007C09F2 /* AccountDetailsViewController.swift */; };
		0BCC9EB420945A35007C09F2 /* ISO8601.swift in Sources */ = {isa = PBXBuildFile; fileRef = 0BCC9EB320945A35007C09F2 /* ISO8601.swift */; };
		0BCC9EB620945A52007C09F2 /* Collection&String+Extensions.swift in Sources */ = {isa = PBXBuildFile; fileRef = 0BCC9EB520945A52007C09F2 /* Collection&String+Extensions.swift */; };
		0BCC9EBA20945AEB007C09F2 /* NSControl+Extensions.swift in Sources */ = {isa = PBXBuildFile; fileRef = 0BCC9EB920945AEB007C09F2 /* NSControl+Extensions.swift */; };
		0BCC9EBC20945B06007C09F2 /* NSData+Extensions.swift in Sources */ = {isa = PBXBuildFile; fileRef = 0BCC9EBB20945B06007C09F2 /* NSData+Extensions.swift */; };
		0BCC9EBF20945C24007C09F2 /* SwiftConvenience.swift in Sources */ = {isa = PBXBuildFile; fileRef = 0BCC9EBE20945C24007C09F2 /* SwiftConvenience.swift */; };
		D484C0AC27604F744FBD29AC /* Pods_Haauti.framework in Frameworks */ = {isa = PBXBuildFile; fileRef = B78621262659E49926587D7E /* Pods_Haauti.framework */; };
/* End PBXBuildFile section */

/* Begin PBXContainerItemProxy section */
		0B219293206268EC0011314B /* PBXContainerItemProxy */ = {
			isa = PBXContainerItemProxy;
			containerPortal = 0B219276206268EC0011314B /* Project object */;
			proxyType = 1;
			remoteGlobalIDString = 0B21927D206268EC0011314B;
			remoteInfo = Haauti;
		};
		0BB99D5C206CEF9B00764907 /* PBXContainerItemProxy */ = {
			isa = PBXContainerItemProxy;
			containerPortal = 0BB99D58206CEF9B00764907 /* PullRefreshableScrollView.xcodeproj */;
			proxyType = 2;
			remoteGlobalIDString = 0BBA93E5206B8646001AE458;
			remoteInfo = PullRefreshableScrollView;
		};
		0BCC9EAF2092443B007C09F2 /* PBXContainerItemProxy */ = {
			isa = PBXContainerItemProxy;
			containerPortal = 0BB99D58206CEF9B00764907 /* PullRefreshableScrollView.xcodeproj */;
			proxyType = 1;
			remoteGlobalIDString = 0BBA93E4206B8646001AE458;
			remoteInfo = PullRefreshableScrollView;
		};
/* End PBXContainerItemProxy section */

/* Begin PBXCopyFilesBuildPhase section */
		0BBA941B206C6063001AE458 /* Embed Frameworks */ = {
			isa = PBXCopyFilesBuildPhase;
			buildActionMask = 2147483647;
			dstPath = "";
			dstSubfolderSpec = 10;
			files = (
				0BCC9EAE2092443B007C09F2 /* PullRefreshableScrollView.framework in Embed Frameworks */,
			);
			name = "Embed Frameworks";
			runOnlyForDeploymentPostprocessing = 0;
		};
/* End PBXCopyFilesBuildPhase section */

/* Begin PBXFileReference section */
		0B21927E206268EC0011314B /* Haauti.app */ = {isa = PBXFileReference; explicitFileType = wrapper.application; includeInIndex = 0; path = Haauti.app; sourceTree = BUILT_PRODUCTS_DIR; };
		0B219281206268EC0011314B /* AppDelegate.swift */ = {isa = PBXFileReference; lastKnownFileType = sourcecode.swift; path = AppDelegate.swift; sourceTree = "<group>"; };
		0B219283206268EC0011314B /* MainViewController.swift */ = {isa = PBXFileReference; lastKnownFileType = sourcecode.swift; path = MainViewController.swift; sourceTree = "<group>"; };
		0B219285206268EC0011314B /* JodelAccount.swift */ = {isa = PBXFileReference; lastKnownFileType = sourcecode.swift; path = JodelAccount.swift; sourceTree = "<group>"; };
		0B219287206268EC0011314B /* Assets.xcassets */ = {isa = PBXFileReference; lastKnownFileType = folder.assetcatalog; path = Assets.xcassets; sourceTree = "<group>"; };
		0B21928A206268EC0011314B /* Base */ = {isa = PBXFileReference; lastKnownFileType = file.storyboard; name = Base; path = Base.lproj/Main.storyboard; sourceTree = "<group>"; };
		0B21928C206268EC0011314B /* Info.plist */ = {isa = PBXFileReference; lastKnownFileType = text.plist.xml; path = Info.plist; sourceTree = "<group>"; };
		0B21928D206268EC0011314B /* Haauti.entitlements */ = {isa = PBXFileReference; lastKnownFileType = text.plist.entitlements; path = Haauti.entitlements; sourceTree = "<group>"; };
		0B219292206268EC0011314B /* HaautiTests.xctest */ = {isa = PBXFileReference; explicitFileType = wrapper.cfbundle; includeInIndex = 0; path = HaautiTests.xctest; sourceTree = BUILT_PRODUCTS_DIR; };
		0B219296206268EC0011314B /* HaautiTests.swift */ = {isa = PBXFileReference; lastKnownFileType = sourcecode.swift; path = HaautiTests.swift; sourceTree = "<group>"; };
		0B219298206268EC0011314B /* Info.plist */ = {isa = PBXFileReference; lastKnownFileType = text.plist.xml; path = Info.plist; sourceTree = "<group>"; };
		0B3B4B7F206CB71F00880B71 /* PageController.swift */ = {isa = PBXFileReference; lastKnownFileType = sourcecode.swift; path = PageController.swift; sourceTree = "<group>"; };
		0B8882E3209490450076FF8A /* AssociatedSettings.swift */ = {isa = PBXFileReference; lastKnownFileType = sourcecode.swift; path = AssociatedSettings.swift; sourceTree = "<group>"; };
		0B8882E52094A78B0076FF8A /* CLLocationCoordinate2D+Extensions.swift */ = {isa = PBXFileReference; lastKnownFileType = sourcecode.swift; path = "CLLocationCoordinate2D+Extensions.swift"; sourceTree = "<group>"; };
		0BB99D0D206CC1B600764907 /* FeedViewController.swift */ = {isa = PBXFileReference; lastKnownFileType = sourcecode.swift; path = FeedViewController.swift; sourceTree = "<group>"; };
		0BB99D28206CEE7600764907 /* Haauti-Bridging-Header.h */ = {isa = PBXFileReference; lastKnownFileType = sourcecode.c.h; name = "Haauti-Bridging-Header.h"; path = "Haauti/Haauti-Bridging-Header.h"; sourceTree = "<group>"; };
		0BB99D29206CEEB600764907 /* JodelError.swift */ = {isa = PBXFileReference; fileEncoding = 4; lastKnownFileType = sourcecode.swift; path = JodelError.swift; sourceTree = "<group>"; };
		0BB99D2A206CEEB600764907 /* NSColor+Extensions.swift */ = {isa = PBXFileReference; fileEncoding = 4; lastKnownFileType = sourcecode.swift; path = "NSColor+Extensions.swift"; sourceTree = "<group>"; };
		0BB99D2B206CEEB600764907 /* AJodel.swift */ = {isa = PBXFileReference; fileEncoding = 4; lastKnownFileType = sourcecode.swift; path = AJodel.swift; sourceTree = "<group>"; };
		0BB99D2C206CEEB600764907 /* JodelTableCellView.swift */ = {isa = PBXFileReference; fileEncoding = 4; lastKnownFileType = sourcecode.swift; path = JodelTableCellView.swift; sourceTree = "<group>"; };
		0BB99D2D206CEEB600764907 /* NSImage+Extensions.swift */ = {isa = PBXFileReference; fileEncoding = 4; lastKnownFileType = sourcecode.swift; path = "NSImage+Extensions.swift"; sourceTree = "<group>"; };
		0BB99D2E206CEEB600764907 /* AuthBag.swift */ = {isa = PBXFileReference; fileEncoding = 4; lastKnownFileType = sourcecode.swift; path = AuthBag.swift; sourceTree = "<group>"; };
		0BB99D2F206CEEB600764907 /* JodelAPI.swift */ = {isa = PBXFileReference; fileEncoding = 4; lastKnownFileType = sourcecode.swift; path = JodelAPI.swift; sourceTree = "<group>"; };
		0BB99D4E206CEF9400764907 /* MaterialProgress.swift */ = {isa = PBXFileReference; fileEncoding = 4; lastKnownFileType = sourcecode.swift; path = MaterialProgress.swift; sourceTree = "<group>"; };
		0BB99D4F206CEF9400764907 /* ProgressUtils.swift */ = {isa = PBXFileReference; fileEncoding = 4; lastKnownFileType = sourcecode.swift; path = ProgressUtils.swift; sourceTree = "<group>"; };
		0BB99D50206CEF9400764907 /* Rainbow.swift */ = {isa = PBXFileReference; fileEncoding = 4; lastKnownFileType = sourcecode.swift; path = Rainbow.swift; sourceTree = "<group>"; };
		0BB99D51206CEF9400764907 /* IndeterminateAnimation.swift */ = {isa = PBXFileReference; fileEncoding = 4; lastKnownFileType = sourcecode.swift; path = IndeterminateAnimation.swift; sourceTree = "<group>"; };
		0BB99D52206CEF9400764907 /* BaseView.swift */ = {isa = PBXFileReference; fileEncoding = 4; lastKnownFileType = sourcecode.swift; path = BaseView.swift; sourceTree = "<group>"; };
		0BB99D58206CEF9B00764907 /* PullRefreshableScrollView.xcodeproj */ = {isa = PBXFileReference; lastKnownFileType = "wrapper.pb-project"; name = PullRefreshableScrollView.xcodeproj; path = Libs/PullRefreshableScrollView/PullRefreshableScrollView.xcodeproj; sourceTree = "<group>"; };
		0BBA941C206CB589001AE458 /* SourceViewController.swift */ = {isa = PBXFileReference; lastKnownFileType = sourcecode.swift; path = SourceViewController.swift; sourceTree = "<group>"; };
		0BBA941E206CB5C0001AE458 /* SourceView.swift */ = {isa = PBXFileReference; lastKnownFileType = sourcecode.swift; path = SourceView.swift; sourceTree = "<group>"; };
		0BCC9EB120924516007C09F2 /* AccountDetailsViewController.swift */ = {isa = PBXFileReference; lastKnownFileType = sourcecode.swift; path = AccountDetailsViewController.swift; sourceTree = "<group>"; };
		0BCC9EB320945A35007C09F2 /* ISO8601.swift */ = {isa = PBXFileReference; lastKnownFileType = sourcecode.swift; path = ISO8601.swift; sourceTree = "<group>"; };
		0BCC9EB520945A52007C09F2 /* Collection&String+Extensions.swift */ = {isa = PBXFileReference; lastKnownFileType = sourcecode.swift; path = "Collection&String+Extensions.swift"; sourceTree = "<group>"; };
		0BCC9EB920945AEB007C09F2 /* NSControl+Extensions.swift */ = {isa = PBXFileReference; lastKnownFileType = sourcecode.swift; path = "NSControl+Extensions.swift"; sourceTree = "<group>"; };
		0BCC9EBB20945B06007C09F2 /* NSData+Extensions.swift */ = {isa = PBXFileReference; lastKnownFileType = sourcecode.swift; path = "NSData+Extensions.swift"; sourceTree = "<group>"; };
		0BCC9EBE20945C24007C09F2 /* SwiftConvenience.swift */ = {isa = PBXFileReference; lastKnownFileType = sourcecode.swift; path = SwiftConvenience.swift; sourceTree = "<group>"; };
		0FDA3BC212E917BEF81CBE35 /* Pods-Haauti.release.xcconfig */ = {isa = PBXFileReference; includeInIndex = 1; lastKnownFileType = text.xcconfig; name = "Pods-Haauti.release.xcconfig"; path = "Pods/Target Support Files/Pods-Haauti/Pods-Haauti.release.xcconfig"; sourceTree = "<group>"; };
		60DA904763C18343CD401D7C /* Pods-Haauti.debug.xcconfig */ = {isa = PBXFileReference; includeInIndex = 1; lastKnownFileType = text.xcconfig; name = "Pods-Haauti.debug.xcconfig"; path = "Pods/Target Support Files/Pods-Haauti/Pods-Haauti.debug.xcconfig"; sourceTree = "<group>"; };
		B78621262659E49926587D7E /* Pods_Haauti.framework */ = {isa = PBXFileReference; explicitFileType = wrapper.framework; includeInIndex = 0; path = Pods_Haauti.framework; sourceTree = BUILT_PRODUCTS_DIR; };
/* End PBXFileReference section */

/* Begin PBXFrameworksBuildPhase section */
		0B21927B206268EC0011314B /* Frameworks */ = {
			isa = PBXFrameworksBuildPhase;
			buildActionMask = 2147483647;
			files = (
				D484C0AC27604F744FBD29AC /* Pods_Haauti.framework in Frameworks */,
				0BCC9EAD2092443B007C09F2 /* PullRefreshableScrollView.framework in Frameworks */,
			);
			runOnlyForDeploymentPostprocessing = 0;
		};
		0B21928F206268EC0011314B /* Frameworks */ = {
			isa = PBXFrameworksBuildPhase;
			buildActionMask = 2147483647;
			files = (
			);
			runOnlyForDeploymentPostprocessing = 0;
		};
/* End PBXFrameworksBuildPhase section */

/* Begin PBXGroup section */
		0B219275206268EC0011314B = {
			isa = PBXGroup;
			children = (
				0B219280206268EC0011314B /* Haauti */,
				0B219295206268EC0011314B /* HaautiTests */,
				0BBA9415206C605D001AE458 /* Frameworks + Pods + Imports + Libs */,
				0B21927F206268EC0011314B /* Products */,
			);
			sourceTree = "<group>";
		};
		0B21927F206268EC0011314B /* Products */ = {
			isa = PBXGroup;
			children = (
				0B21927E206268EC0011314B /* Haauti.app */,
				0B219292206268EC0011314B /* HaautiTests.xctest */,
			);
			name = Products;
			sourceTree = "<group>";
		};
		0B219280206268EC0011314B /* Haauti */ = {
			isa = PBXGroup;
			children = (
				0B219281206268EC0011314B /* AppDelegate.swift */,
				0BB99D39206CEECE00764907 /* Model + backend */,
				0BB99D3A206CEEEB00764907 /* UI + extensions */,
				0B219289206268EC0011314B /* Main.storyboard */,
				0BB99D3B206CEF0F00764907 /* Supporting files */,
			);
			path = Haauti;
			sourceTree = "<group>";
		};
		0B219295206268EC0011314B /* HaautiTests */ = {
			isa = PBXGroup;
			children = (
				0B219296206268EC0011314B /* HaautiTests.swift */,
				0B219298206268EC0011314B /* Info.plist */,
			);
			path = HaautiTests;
			sourceTree = "<group>";
		};
		0B8882E1209477800076FF8A /* Source view */ = {
			isa = PBXGroup;
			children = (
				0BBA941C206CB589001AE458 /* SourceViewController.swift */,
				0BBA941E206CB5C0001AE458 /* SourceView.swift */,
				0B3B4B7F206CB71F00880B71 /* PageController.swift */,
			);
			path = "Source view";
			sourceTree = "<group>";
		};
		0B8882E22094779D0076FF8A /* Feed */ = {
			isa = PBXGroup;
			children = (
				0BB99D0D206CC1B600764907 /* FeedViewController.swift */,
				0BB99D2C206CEEB600764907 /* JodelTableCellView.swift */,
			);
			path = Feed;
			sourceTree = "<group>";
		};
		0BB99D39206CEECE00764907 /* Model + backend */ = {
			isa = PBXGroup;
			children = (
				0B219285206268EC0011314B /* JodelAccount.swift */,
				0BB99D29206CEEB600764907 /* JodelError.swift */,
				0BB99D2F206CEEB600764907 /* JodelAPI.swift */,
				0BB99D2B206CEEB600764907 /* AJodel.swift */,
				0BB99D2E206CEEB600764907 /* AuthBag.swift */,
				0B8882E3209490450076FF8A /* AssociatedSettings.swift */,
			);
			path = "Model + backend";
			sourceTree = "<group>";
		};
		0BB99D3A206CEEEB00764907 /* UI + extensions */ = {
			isa = PBXGroup;
			children = (
				0B219283206268EC0011314B /* MainViewController.swift */,
				0B8882E1209477800076FF8A /* Source view */,
				0B8882E22094779D0076FF8A /* Feed */,
				0BCC9EB120924516007C09F2 /* AccountDetailsViewController.swift */,
				0BCC9EBD20945B43007C09F2 /* Extensions */,
			);
			path = "UI + extensions";
			sourceTree = "<group>";
		};
		0BB99D3B206CEF0F00764907 /* Supporting files */ = {
			isa = PBXGroup;
			children = (
				0B21928C206268EC0011314B /* Info.plist */,
				0B21928D206268EC0011314B /* Haauti.entitlements */,
				0B219287206268EC0011314B /* Assets.xcassets */,
			);
			path = "Supporting files";
			sourceTree = "<group>";
		};
		0BB99D4D206CEF9400764907 /* ProgressKit */ = {
			isa = PBXGroup;
			children = (
				0BB99D4E206CEF9400764907 /* MaterialProgress.swift */,
				0BB99D4F206CEF9400764907 /* ProgressUtils.swift */,
				0BB99D50206CEF9400764907 /* Rainbow.swift */,
				0BB99D51206CEF9400764907 /* IndeterminateAnimation.swift */,
				0BB99D52206CEF9400764907 /* BaseView.swift */,
			);
			name = ProgressKit;
			path = Libs/ProgressKit;
			sourceTree = "<group>";
		};
		0BB99D59206CEF9B00764907 /* Products */ = {
			isa = PBXGroup;
			children = (
				0BB99D5D206CEF9B00764907 /* PullRefreshableScrollView.framework */,
			);
			name = Products;
			sourceTree = "<group>";
		};
		0BBA9415206C605D001AE458 /* Frameworks + Pods + Imports + Libs */ = {
			isa = PBXGroup;
			children = (
				0BB99D58206CEF9B00764907 /* PullRefreshableScrollView.xcodeproj */,
				0BB99D4D206CEF9400764907 /* ProgressKit */,
				E408733529F2F43477DDF15F /* Pods */,
				0BB99D28206CEE7600764907 /* Haauti-Bridging-Header.h */,
				B78621262659E49926587D7E /* Pods_Haauti.framework */,
			);
			name = "Frameworks + Pods + Imports + Libs";
			sourceTree = "<group>";
		};
		0BCC9EBD20945B43007C09F2 /* Extensions */ = {
			isa = PBXGroup;
			children = (
				0BB99D2A206CEEB600764907 /* NSColor+Extensions.swift */,
				0BCC9EBE20945C24007C09F2 /* SwiftConvenience.swift */,
				0BCC9EB520945A52007C09F2 /* Collection&String+Extensions.swift */,
				0BCC9EB320945A35007C09F2 /* ISO8601.swift */,
				0BB99D2D206CEEB600764907 /* NSImage+Extensions.swift */,
				0BCC9EBB20945B06007C09F2 /* NSData+Extensions.swift */,
				0BCC9EB920945AEB007C09F2 /* NSControl+Extensions.swift */,
				0B8882E52094A78B0076FF8A /* CLLocationCoordinate2D+Extensions.swift */,
			);
			path = Extensions;
			sourceTree = "<group>";
		};
		E408733529F2F43477DDF15F /* Pods */ = {
			isa = PBXGroup;
			children = (
				60DA904763C18343CD401D7C /* Pods-Haauti.debug.xcconfig */,
				0FDA3BC212E917BEF81CBE35 /* Pods-Haauti.release.xcconfig */,
			);
			name = Pods;
			sourceTree = "<group>";
		};
/* End PBXGroup section */

/* Begin PBXNativeTarget section */
		0B21927D206268EC0011314B /* Haauti */ = {
			isa = PBXNativeTarget;
			buildConfigurationList = 0B21929B206268EC0011314B /* Build configuration list for PBXNativeTarget "Haauti" */;
			buildPhases = (
				0BDDB2455898BD04915A7042 /* [CP] Check Pods Manifest.lock */,
				0B21927A206268EC0011314B /* Sources */,
				0B21927B206268EC0011314B /* Frameworks */,
				0B21927C206268EC0011314B /* Resources */,
				0BBA941B206C6063001AE458 /* Embed Frameworks */,
				868CFAE952E55D3B90BA6A55 /* [CP] Embed Pods Frameworks */,
				FB4716BC3314BE31CE95E766 /* [CP] Copy Pods Resources */,
			);
			buildRules = (
			);
			dependencies = (
				0BCC9EB02092443B007C09F2 /* PBXTargetDependency */,
			);
			name = Haauti;
			productName = Haauti;
			productReference = 0B21927E206268EC0011314B /* Haauti.app */;
			productType = "com.apple.product-type.application";
		};
		0B219291206268EC0011314B /* HaautiTests */ = {
			isa = PBXNativeTarget;
			buildConfigurationList = 0B21929E206268EC0011314B /* Build configuration list for PBXNativeTarget "HaautiTests" */;
			buildPhases = (
				0B21928E206268EC0011314B /* Sources */,
				0B21928F206268EC0011314B /* Frameworks */,
				0B219290206268EC0011314B /* Resources */,
			);
			buildRules = (
			);
			dependencies = (
				0B219294206268EC0011314B /* PBXTargetDependency */,
			);
			name = HaautiTests;
			productName = HaautiTests;
			productReference = 0B219292206268EC0011314B /* HaautiTests.xctest */;
			productType = "com.apple.product-type.bundle.unit-test";
		};
/* End PBXNativeTarget section */

/* Begin PBXProject section */
		0B219276206268EC0011314B /* Project object */ = {
			isa = PBXProject;
			attributes = {
				LastSwiftUpdateCheck = 0920;
				LastUpgradeCheck = 0920;
				ORGANIZATIONNAME = deicoon;
				TargetAttributes = {
					0B21927D206268EC0011314B = {
						CreatedOnToolsVersion = 9.2;
						ProvisioningStyle = Automatic;
					};
					0B219291206268EC0011314B = {
						CreatedOnToolsVersion = 9.2;
						ProvisioningStyle = Automatic;
						TestTargetID = 0B21927D206268EC0011314B;
					};
				};
			};
			buildConfigurationList = 0B219279206268EC0011314B /* Build configuration list for PBXProject "Haauti" */;
			compatibilityVersion = "Xcode 8.0";
			developmentRegion = en;
			hasScannedForEncodings = 0;
			knownRegions = (
				en,
				Base,
			);
			mainGroup = 0B219275206268EC0011314B;
			productRefGroup = 0B21927F206268EC0011314B /* Products */;
			projectDirPath = "";
			projectReferences = (
				{
					ProductGroup = 0BB99D59206CEF9B00764907 /* Products */;
					ProjectRef = 0BB99D58206CEF9B00764907 /* PullRefreshableScrollView.xcodeproj */;
				},
			);
			projectRoot = "";
			targets = (
				0B21927D206268EC0011314B /* Haauti */,
				0B219291206268EC0011314B /* HaautiTests */,
			);
		};
/* End PBXProject section */

/* Begin PBXReferenceProxy section */
		0BB99D5D206CEF9B00764907 /* PullRefreshableScrollView.framework */ = {
			isa = PBXReferenceProxy;
			fileType = wrapper.framework;
			path = PullRefreshableScrollView.framework;
			remoteRef = 0BB99D5C206CEF9B00764907 /* PBXContainerItemProxy */;
			sourceTree = BUILT_PRODUCTS_DIR;
		};
/* End PBXReferenceProxy section */

/* Begin PBXResourcesBuildPhase section */
		0B21927C206268EC0011314B /* Resources */ = {
			isa = PBXResourcesBuildPhase;
			buildActionMask = 2147483647;
			files = (
				0B219288206268EC0011314B /* Assets.xcassets in Resources */,
				0B21928B206268EC0011314B /* Main.storyboard in Resources */,
			);
			runOnlyForDeploymentPostprocessing = 0;
		};
		0B219290206268EC0011314B /* Resources */ = {
			isa = PBXResourcesBuildPhase;
			buildActionMask = 2147483647;
			files = (
			);
			runOnlyForDeploymentPostprocessing = 0;
		};
/* End PBXResourcesBuildPhase section */

/* Begin PBXShellScriptBuildPhase section */
		0BDDB2455898BD04915A7042 /* [CP] Check Pods Manifest.lock */ = {
			isa = PBXShellScriptBuildPhase;
			buildActionMask = 2147483647;
			files = (
			);
			inputPaths = (
				"${PODS_PODFILE_DIR_PATH}/Podfile.lock",
				"${PODS_ROOT}/Manifest.lock",
			);
			name = "[CP] Check Pods Manifest.lock";
			outputPaths = (
				"$(DERIVED_FILE_DIR)/Pods-Haauti-checkManifestLockResult.txt",
			);
			runOnlyForDeploymentPostprocessing = 0;
			shellPath = /bin/sh;
			shellScript = "diff \"${PODS_PODFILE_DIR_PATH}/Podfile.lock\" \"${PODS_ROOT}/Manifest.lock\" > /dev/null\nif [ $? != 0 ] ; then\n    # print error to STDERR\n    echo \"error: The sandbox is not in sync with the Podfile.lock. Run 'pod install' or update your CocoaPods installation.\" >&2\n    exit 1\nfi\n# This output is used by Xcode 'outputs' to avoid re-running this script phase.\necho \"SUCCESS\" > \"${SCRIPT_OUTPUT_FILE_0}\"\n";
			showEnvVarsInLog = 0;
		};
		868CFAE952E55D3B90BA6A55 /* [CP] Embed Pods Frameworks */ = {
			isa = PBXShellScriptBuildPhase;
			buildActionMask = 2147483647;
			files = (
			);
			inputPaths = (
				"${SRCROOT}/Pods/Target Support Files/Pods-Haauti/Pods-Haauti-frameworks.sh",
				"${BUILT_PRODUCTS_DIR}/Atributika/Atributika.framework",
				"${BUILT_PRODUCTS_DIR}/LocalizedTimeAgo/LocalizedTimeAgo.framework",
				"${BUILT_PRODUCTS_DIR}/Promises/Promise.framework",
				"${BUILT_PRODUCTS_DIR}/SwiftyJSON/SwiftyJSON.framework",
			);
			name = "[CP] Embed Pods Frameworks";
			outputPaths = (
				"${TARGET_BUILD_DIR}/${FRAMEWORKS_FOLDER_PATH}/Atributika.framework",
				"${TARGET_BUILD_DIR}/${FRAMEWORKS_FOLDER_PATH}/LocalizedTimeAgo.framework",
				"${TARGET_BUILD_DIR}/${FRAMEWORKS_FOLDER_PATH}/Promise.framework",
				"${TARGET_BUILD_DIR}/${FRAMEWORKS_FOLDER_PATH}/SwiftyJSON.framework",
			);
			runOnlyForDeploymentPostprocessing = 0;
			shellPath = /bin/sh;
			shellScript = "\"${SRCROOT}/Pods/Target Support Files/Pods-Haauti/Pods-Haauti-frameworks.sh\"\n";
			showEnvVarsInLog = 0;
		};
		FB4716BC3314BE31CE95E766 /* [CP] Copy Pods Resources */ = {
			isa = PBXShellScriptBuildPhase;
			buildActionMask = 2147483647;
			files = (
			);
			inputPaths = (
			);
			name = "[CP] Copy Pods Resources";
			outputPaths = (
			);
			runOnlyForDeploymentPostprocessing = 0;
			shellPath = /bin/sh;
			shellScript = "\"${SRCROOT}/Pods/Target Support Files/Pods-Haauti/Pods-Haauti-resources.sh\"\n";
			showEnvVarsInLog = 0;
		};
/* End PBXShellScriptBuildPhase section */

/* Begin PBXSourcesBuildPhase section */
		0B21927A206268EC0011314B /* Sources */ = {
			isa = PBXSourcesBuildPhase;
			buildActionMask = 2147483647;
			files = (
				0BB99D55206CEF9400764907 /* Rainbow.swift in Sources */,
				0BB99D31206CEEB600764907 /* JodelError.swift in Sources */,
				0BB99D33206CEEB600764907 /* AJodel.swift in Sources */,
				0BCC9EB620945A52007C09F2 /* Collection&String+Extensions.swift in Sources */,
				0B8882E4209490450076FF8A /* AssociatedSettings.swift in Sources */,
				0BCC9EB220924516007C09F2 /* AccountDetailsViewController.swift in Sources */,
				0BB99D34206CEEB600764907 /* JodelTableCellView.swift in Sources */,
				0BCC9EBA20945AEB007C09F2 /* NSControl+Extensions.swift in Sources */,
				0BCC9EB420945A35007C09F2 /* ISO8601.swift in Sources */,
				0BB99D36206CEEB600764907 /* AuthBag.swift in Sources */,
				0B8882E62094A78B0076FF8A /* CLLocationCoordinate2D+Extensions.swift in Sources */,
				0BCC9EBF20945C24007C09F2 /* SwiftConvenience.swift in Sources */,
				0BB99D53206CEF9400764907 /* MaterialProgress.swift in Sources */,
				0BCC9EBC20945B06007C09F2 /* NSData+Extensions.swift in Sources */,
				0BB99D57206CEF9400764907 /* BaseView.swift in Sources */,
				0BB99D54206CEF9400764907 /* ProgressUtils.swift in Sources */,
				0B219284206268EC0011314B /* MainViewController.swift in Sources */,
				0BBA941D206CB589001AE458 /* SourceViewController.swift in Sources */,
				0B3B4B80206CB71F00880B71 /* PageController.swift in Sources */,
				0B219282206268EC0011314B /* AppDelegate.swift in Sources */,
				0BB99D32206CEEB600764907 /* NSColor+Extensions.swift in Sources */,
				0BBA941F206CB5C0001AE458 /* SourceView.swift in Sources */,
				0BB99D37206CEEB600764907 /* JodelAPI.swift in Sources */,
				0B219286206268EC0011314B /* JodelAccount.swift in Sources */,
				0BB99D56206CEF9400764907 /* IndeterminateAnimation.swift in Sources */,
				0BB99D0E206CC1B600764907 /* FeedViewController.swift in Sources */,
				0BB99D35206CEEB600764907 /* NSImage+Extensions.swift in Sources */,
			);
			runOnlyForDeploymentPostprocessing = 0;
		};
		0B21928E206268EC0011314B /* Sources */ = {
			isa = PBXSourcesBuildPhase;
			buildActionMask = 2147483647;
			files = (
				0B219297206268EC0011314B /* HaautiTests.swift in Sources */,
			);
			runOnlyForDeploymentPostprocessing = 0;
		};
/* End PBXSourcesBuildPhase section */

/* Begin PBXTargetDependency section */
		0B219294206268EC0011314B /* PBXTargetDependency */ = {
			isa = PBXTargetDependency;
			target = 0B21927D206268EC0011314B /* Haauti */;
			targetProxy = 0B219293206268EC0011314B /* PBXContainerItemProxy */;
		};
		0BCC9EB02092443B007C09F2 /* PBXTargetDependency */ = {
			isa = PBXTargetDependency;
			name = PullRefreshableScrollView;
			targetProxy = 0BCC9EAF2092443B007C09F2 /* PBXContainerItemProxy */;
		};
/* End PBXTargetDependency section */

/* Begin PBXVariantGroup section */
		0B219289206268EC0011314B /* Main.storyboard */ = {
			isa = PBXVariantGroup;
			children = (
				0B21928A206268EC0011314B /* Base */,
			);
			name = Main.storyboard;
			sourceTree = "<group>";
		};
/* End PBXVariantGroup section */

/* Begin XCBuildConfiguration section */
		0B219299206268EC0011314B /* Debug */ = {
			isa = XCBuildConfiguration;
			buildSettings = {
				ALWAYS_SEARCH_USER_PATHS = NO;
				CLANG_ANALYZER_NONNULL = YES;
				CLANG_ANALYZER_NUMBER_OBJECT_CONVERSION = YES_AGGRESSIVE;
				CLANG_CXX_LANGUAGE_STANDARD = "gnu++14";
				CLANG_CXX_LIBRARY = "libc++";
				CLANG_ENABLE_MODULES = YES;
				CLANG_ENABLE_OBJC_ARC = YES;
				CLANG_WARN_BLOCK_CAPTURE_AUTORELEASING = YES;
				CLANG_WARN_BOOL_CONVERSION = YES;
				CLANG_WARN_COMMA = YES;
				CLANG_WARN_CONSTANT_CONVERSION = YES;
				CLANG_WARN_DIRECT_OBJC_ISA_USAGE = YES_ERROR;
				CLANG_WARN_DOCUMENTATION_COMMENTS = YES;
				CLANG_WARN_EMPTY_BODY = YES;
				CLANG_WARN_ENUM_CONVERSION = YES;
				CLANG_WARN_INFINITE_RECURSION = YES;
				CLANG_WARN_INT_CONVERSION = YES;
				CLANG_WARN_NON_LITERAL_NULL_CONVERSION = YES;
				CLANG_WARN_OBJC_LITERAL_CONVERSION = YES;
				CLANG_WARN_OBJC_ROOT_CLASS = YES_ERROR;
				CLANG_WARN_RANGE_LOOP_ANALYSIS = YES;
				CLANG_WARN_STRICT_PROTOTYPES = YES;
				CLANG_WARN_SUSPICIOUS_MOVE = YES;
				CLANG_WARN_UNGUARDED_AVAILABILITY = YES_AGGRESSIVE;
				CLANG_WARN_UNREACHABLE_CODE = YES;
				CLANG_WARN__DUPLICATE_METHOD_MATCH = YES;
				CODE_SIGN_IDENTITY = "Mac Developer";
				COPY_PHASE_STRIP = NO;
				DEBUG_INFORMATION_FORMAT = dwarf;
				ENABLE_STRICT_OBJC_MSGSEND = YES;
				ENABLE_TESTABILITY = YES;
				GCC_C_LANGUAGE_STANDARD = gnu11;
				GCC_DYNAMIC_NO_PIC = NO;
				GCC_NO_COMMON_BLOCKS = YES;
				GCC_OPTIMIZATION_LEVEL = 0;
				GCC_PREPROCESSOR_DEFINITIONS = (
					"DEBUG=1",
					"$(inherited)",
				);
				GCC_WARN_64_TO_32_BIT_CONVERSION = YES;
				GCC_WARN_ABOUT_RETURN_TYPE = YES_ERROR;
				GCC_WARN_UNDECLARED_SELECTOR = YES;
				GCC_WARN_UNINITIALIZED_AUTOS = YES_AGGRESSIVE;
				GCC_WARN_UNUSED_FUNCTION = YES;
				GCC_WARN_UNUSED_VARIABLE = YES;
				MACOSX_DEPLOYMENT_TARGET = 10.13;
				MTL_ENABLE_DEBUG_INFO = YES;
				ONLY_ACTIVE_ARCH = YES;
				SDKROOT = macosx;
				SWIFT_ACTIVE_COMPILATION_CONDITIONS = DEBUG;
				SWIFT_OPTIMIZATION_LEVEL = "-Onone";
			};
			name = Debug;
		};
		0B21929A206268EC0011314B /* Release */ = {
			isa = XCBuildConfiguration;
			buildSettings = {
				ALWAYS_SEARCH_USER_PATHS = NO;
				CLANG_ANALYZER_NONNULL = YES;
				CLANG_ANALYZER_NUMBER_OBJECT_CONVERSION = YES_AGGRESSIVE;
				CLANG_CXX_LANGUAGE_STANDARD = "gnu++14";
				CLANG_CXX_LIBRARY = "libc++";
				CLANG_ENABLE_MODULES = YES;
				CLANG_ENABLE_OBJC_ARC = YES;
				CLANG_WARN_BLOCK_CAPTURE_AUTORELEASING = YES;
				CLANG_WARN_BOOL_CONVERSION = YES;
				CLANG_WARN_COMMA = YES;
				CLANG_WARN_CONSTANT_CONVERSION = YES;
				CLANG_WARN_DIRECT_OBJC_ISA_USAGE = YES_ERROR;
				CLANG_WARN_DOCUMENTATION_COMMENTS = YES;
				CLANG_WARN_EMPTY_BODY = YES;
				CLANG_WARN_ENUM_CONVERSION = YES;
				CLANG_WARN_INFINITE_RECURSION = YES;
				CLANG_WARN_INT_CONVERSION = YES;
				CLANG_WARN_NON_LITERAL_NULL_CONVERSION = YES;
				CLANG_WARN_OBJC_LITERAL_CONVERSION = YES;
				CLANG_WARN_OBJC_ROOT_CLASS = YES_ERROR;
				CLANG_WARN_RANGE_LOOP_ANALYSIS = YES;
				CLANG_WARN_STRICT_PROTOTYPES = YES;
				CLANG_WARN_SUSPICIOUS_MOVE = YES;
				CLANG_WARN_UNGUARDED_AVAILABILITY = YES_AGGRESSIVE;
				CLANG_WARN_UNREACHABLE_CODE = YES;
				CLANG_WARN__DUPLICATE_METHOD_MATCH = YES;
				CODE_SIGN_IDENTITY = "Mac Developer";
				COPY_PHASE_STRIP = NO;
				DEBUG_INFORMATION_FORMAT = "dwarf-with-dsym";
				ENABLE_NS_ASSERTIONS = NO;
				ENABLE_STRICT_OBJC_MSGSEND = YES;
				GCC_C_LANGUAGE_STANDARD = gnu11;
				GCC_NO_COMMON_BLOCKS = YES;
				GCC_WARN_64_TO_32_BIT_CONVERSION = YES;
				GCC_WARN_ABOUT_RETURN_TYPE = YES_ERROR;
				GCC_WARN_UNDECLARED_SELECTOR = YES;
				GCC_WARN_UNINITIALIZED_AUTOS = YES_AGGRESSIVE;
				GCC_WARN_UNUSED_FUNCTION = YES;
				GCC_WARN_UNUSED_VARIABLE = YES;
				MACOSX_DEPLOYMENT_TARGET = 10.13;
				MTL_ENABLE_DEBUG_INFO = NO;
				SDKROOT = macosx;
				SWIFT_OPTIMIZATION_LEVEL = "-Owholemodule";
			};
			name = Release;
		};
		0B21929C206268EC0011314B /* Debug */ = {
			isa = XCBuildConfiguration;
			baseConfigurationReference = 60DA904763C18343CD401D7C /* Pods-Haauti.debug.xcconfig */;
			buildSettings = {
				ALWAYS_EMBED_SWIFT_STANDARD_LIBRARIES = YES;
				ASSETCATALOG_COMPILER_APPICON_NAME = AppIcon;
				CODE_SIGN_ENTITLEMENTS = Haauti/Haauti.entitlements;
				CODE_SIGN_STYLE = Automatic;
				COMBINE_HIDPI_IMAGES = YES;
				DEVELOPMENT_TEAM = 8VNN3M6MR6;
				INFOPLIST_FILE = "Haauti/Supporting files/Info.plist";
				LD_RUNPATH_SEARCH_PATHS = "$(inherited) @executable_path/../Frameworks";
				PRODUCT_BUNDLE_IDENTIFIER = com.deicoon.Haauti;
				PRODUCT_NAME = "$(TARGET_NAME)";
				SWIFT_OBJC_BRIDGING_HEADER = "${SRCROOT}/$(TARGET_NAME)/$(TARGET_NAME)-Bridging-Header.h";
				SWIFT_VERSION = 4.0;
			};
			name = Debug;
		};
		0B21929D206268EC0011314B /* Release */ = {
			isa = XCBuildConfiguration;
			baseConfigurationReference = 0FDA3BC212E917BEF81CBE35 /* Pods-Haauti.release.xcconfig */;
			buildSettings = {
				ALWAYS_EMBED_SWIFT_STANDARD_LIBRARIES = YES;
				ASSETCATALOG_COMPILER_APPICON_NAME = AppIcon;
				CODE_SIGN_ENTITLEMENTS = Haauti/Haauti.entitlements;
				CODE_SIGN_STYLE = Automatic;
				COMBINE_HIDPI_IMAGES = YES;
				DEVELOPMENT_TEAM = 8VNN3M6MR6;
				INFOPLIST_FILE = "Haauti/Supporting files/Info.plist";
				LD_RUNPATH_SEARCH_PATHS = "$(inherited) @executable_path/../Frameworks";
				PRODUCT_BUNDLE_IDENTIFIER = com.deicoon.Haauti;
				PRODUCT_NAME = "$(TARGET_NAME)";
				SWIFT_OBJC_BRIDGING_HEADER = "${SRCROOT}/$(TARGET_NAME)/$(TARGET_NAME)-Bridging-Header.h";
				SWIFT_VERSION = 4.0;
			};
			name = Release;
		};
		0B21929F206268EC0011314B /* Debug */ = {
			isa = XCBuildConfiguration;
			buildSettings = {
				ALWAYS_EMBED_SWIFT_STANDARD_LIBRARIES = YES;
				BUNDLE_LOADER = "$(TEST_HOST)";
				CODE_SIGN_STYLE = Automatic;
				COMBINE_HIDPI_IMAGES = YES;
				DEVELOPMENT_TEAM = 8VNN3M6MR6;
				INFOPLIST_FILE = HaautiTests/Info.plist;
				LD_RUNPATH_SEARCH_PATHS = "$(inherited) @executable_path/../Frameworks @loader_path/../Frameworks";
				PRODUCT_BUNDLE_IDENTIFIER = com.deicoon.HaautiTests;
				PRODUCT_NAME = "$(TARGET_NAME)";
				SWIFT_VERSION = 4.0;
				TEST_HOST = "$(BUILT_PRODUCTS_DIR)/Haauti.app/Contents/MacOS/Haauti";
			};
			name = Debug;
		};
		0B2192A0206268EC0011314B /* Release */ = {
			isa = XCBuildConfiguration;
			buildSettings = {
				ALWAYS_EMBED_SWIFT_STANDARD_LIBRARIES = YES;
				BUNDLE_LOADER = "$(TEST_HOST)";
				CODE_SIGN_STYLE = Automatic;
				COMBINE_HIDPI_IMAGES = YES;
				DEVELOPMENT_TEAM = 8VNN3M6MR6;
				INFOPLIST_FILE = HaautiTests/Info.plist;
				LD_RUNPATH_SEARCH_PATHS = "$(inherited) @executable_path/../Frameworks @loader_path/../Frameworks";
				PRODUCT_BUNDLE_IDENTIFIER = com.deicoon.HaautiTests;
				PRODUCT_NAME = "$(TARGET_NAME)";
				SWIFT_VERSION = 4.0;
				TEST_HOST = "$(BUILT_PRODUCTS_DIR)/Haauti.app/Contents/MacOS/Haauti";
			};
			name = Release;
		};
/* End XCBuildConfiguration section */

/* Begin XCConfigurationList section */
		0B219279206268EC0011314B /* Build configuration list for PBXProject "Haauti" */ = {
			isa = XCConfigurationList;
			buildConfigurations = (
				0B219299206268EC0011314B /* Debug */,
				0B21929A206268EC0011314B /* Release */,
			);
			defaultConfigurationIsVisible = 0;
			defaultConfigurationName = Release;
		};
		0B21929B206268EC0011314B /* Build configuration list for PBXNativeTarget "Haauti" */ = {
			isa = XCConfigurationList;
			buildConfigurations = (
				0B21929C206268EC0011314B /* Debug */,
				0B21929D206268EC0011314B /* Release */,
			);
			defaultConfigurationIsVisible = 0;
			defaultConfigurationName = Release;
		};
		0B21929E206268EC0011314B /* Build configuration list for PBXNativeTarget "HaautiTests" */ = {
			isa = XCConfigurationList;
			buildConfigurations = (
				0B21929F206268EC0011314B /* Debug */,
				0B2192A0206268EC0011314B /* Release */,
			);
			defaultConfigurationIsVisible = 0;
			defaultConfigurationName = Release;
		};
/* End XCConfigurationList section */
	};
	rootObject = 0B219276206268EC0011314B /* Project object */;
}
